# THIS IS AN AUTOGENERATED FILE. DO NOT EDIT THIS FILE DIRECTLY.
# yarn lockfile v1


"@egjs/hammerjs@^2.0.17":
  version "2.0.17"
  resolved "https://registry.yarnpkg.com/@egjs/hammerjs/-/hammerjs-2.0.17.tgz#5dc02af75a6a06e4c2db0202cae38c9263895124"
  integrity sha512-XQsZgjm2EcVUiZQf11UBJQfmZeEmOW8DpI1gsFeln6w0ae0ii4dMQEQ0kjl6DspdWX1aGY1/loyXnP0JS06e/A==
  dependencies:
    "@types/hammerjs" "^2.0.36"

"@react-native-community/masked-view@^0.1.7":
  version "0.1.7"
  resolved "https://registry.yarnpkg.com/@react-native-community/masked-view/-/masked-view-0.1.7.tgz#a65ce0702f55cb67fd777995de6fc7b3e5781903"
  integrity sha512-9KbP7LTLFz9dx1heURJbO6nuVMdSjDez8znlrUzaB1nUwKVsTTwlKRuHxGUYIIkReLWrJQeCv9tidy+84z2eCw==

"@react-navigation/core@^5.2.3":
  version "5.2.3"
  resolved "https://registry.yarnpkg.com/@react-navigation/core/-/core-5.2.3.tgz#595e0d10cd9a1e21ae24ee517ff750876618f2ae"
  integrity sha512-iWSj7Eep4qWuEZ/LYSSsK9vs0AskUkIQM3+SmeZJxIqOIQw7nVQZ4sa4RbYbX/PxOBbZ/SOOKcCNuZ7zilve5A==
  dependencies:
    "@react-navigation/routers" "^5.1.1"
    escape-string-regexp "^2.0.0"
    query-string "^6.11.1"
    react-is "^16.13.0"
    shortid "^2.2.15"
    use-subscription "^1.4.0"

"@react-navigation/native@^5.1.1":
  version "5.1.1"
  resolved "https://registry.yarnpkg.com/@react-navigation/native/-/native-5.1.1.tgz#8c37b87232d1870cef6913a595b207ab210b616b"
  integrity sha512-AzHuO5egm5+JT+M37imyVDe6vfY3mr+HO3FpRTAvXuJabDV5flcLUTIiLuvmd3iyNRFJFR6bCbDirwwmVWMAXg==
  dependencies:
    "@react-navigation/core" "^5.2.3"

"@react-navigation/routers@^5.1.1":
  version "5.1.1"
  resolved "https://registry.yarnpkg.com/@react-navigation/routers/-/routers-5.1.1.tgz#574d957dd9cea9c181af2b0a0347ba0b7cb9a255"
  integrity sha512-gqZA2LSqxTvsaGEY6HG8/oy+YEoOfG0xMtj0xoJlwdwL5UcOBX8cew93UzamRxWeGW05dM7og1z+j6XRQzdPGw==
  dependencies:
    shortid "^2.2.15"

"@react-navigation/stack@^5.2.3":
  version "5.2.3"
  resolved "https://registry.yarnpkg.com/@react-navigation/stack/-/stack-5.2.3.tgz#2c92ee6f0a032720960acfa037e13061c378781e"
  integrity sha512-mCji6N6r03sTMF09hbVmhdCZHcuIrZCr/MY8yuiG+kzzYcFfj+72wwJ885erKw32jBKAaJV8wZNq8W0K+ZiCQQ==
  dependencies:
    color "^3.1.2"
    react-native-iphone-x-helper "^1.2.1"

"@types/hammerjs@^2.0.36":
  version "2.0.36"
  resolved "https://registry.yarnpkg.com/@types/hammerjs/-/hammerjs-2.0.36.tgz#17ce0a235e9ffbcdcdf5095646b374c2bf615a4c"
  integrity sha512-7TUK/k2/QGpEAv/BCwSHlYu3NXZhQ9ZwBYpzr9tjlPIL2C5BeGhH3DmVavRx3ZNyELX5TLC91JTz/cen6AAtIQ==

color-convert@^1.9.1:
  version "1.9.3"
  resolved "https://registry.yarnpkg.com/color-convert/-/color-convert-1.9.3.tgz#bb71850690e1f136567de629d2d5471deda4c1e8"
  integrity sha512-QfAUtd+vFdAtFQcC8CCyYt1fYWxSqAiK2cSD6zDB8N3cpsEBAvRxp9zOGg6G/SHHJYAT88/az/IuDGALsNVbGg==
  dependencies:
    color-name "1.1.3"

color-name@1.1.3:
  version "1.1.3"
  resolved "https://registry.yarnpkg.com/color-name/-/color-name-1.1.3.tgz#a7d0558bd89c42f795dd42328f740831ca53bc25"
  integrity sha1-p9BVi9icQveV3UIyj3QIMcpTvCU=

color-name@^1.0.0:
  version "1.1.4"
  resolved "https://registry.yarnpkg.com/color-name/-/color-name-1.1.4.tgz#c2a09a87acbde69543de6f63fa3995c826c536a2"
  integrity sha512-dOy+3AuW3a2wNbZHIuMZpTcgjGuLU/uBL/ubcZF9OXbDo8ff4O8yVp5Bf0efS8uEoYo5q4Fx7dY9OgQGXgAsQA==

color-string@^1.5.2:
  version "1.5.3"
  resolved "https://registry.yarnpkg.com/color-string/-/color-string-1.5.3.tgz#c9bbc5f01b58b5492f3d6857459cb6590ce204cc"
  integrity sha512-dC2C5qeWoYkxki5UAXapdjqO672AM4vZuPGRQfO8b5HKuKGBbKWpITyDYN7TOFKvRW7kOgAn3746clDBMDJyQw==
  dependencies:
    color-name "^1.0.0"
    simple-swizzle "^0.2.2"

color@^3.1.2:
  version "3.1.2"
  resolved "https://registry.yarnpkg.com/color/-/color-3.1.2.tgz#68148e7f85d41ad7649c5fa8c8106f098d229e10"
  integrity sha512-vXTJhHebByxZn3lDvDJYw4lR5+uB3vuoHsuYA5AKuxRVn5wzzIfQKGLBmgdVRHKTJYeK5rvJcHnrd0Li49CFpg==
  dependencies:
    color-convert "^1.9.1"
    color-string "^1.5.2"

debounce@^1.2.0:
  version "1.2.0"
  resolved "https://registry.yarnpkg.com/debounce/-/debounce-1.2.0.tgz#44a540abc0ea9943018dc0eaa95cce87f65cd131"
  integrity sha512-mYtLl1xfZLi1m4RtQYlZgJUNQjl4ZxVnHzIR8nLLgi4q1YT8o/WM+MK/f8yfcc9s5Ir5zRaPZyZU6xs1Syoocg==

decode-uri-component@^0.2.0:
  version "0.2.0"
  resolved "https://registry.yarnpkg.com/decode-uri-component/-/decode-uri-component-0.2.0.tgz#eb3913333458775cb84cd1a1fae062106bb87545"
  integrity sha1-6zkTMzRYd1y4TNGh+uBiEGu4dUU=

escape-string-regexp@^2.0.0:
  version "2.0.0"
  resolved "https://registry.yarnpkg.com/escape-string-regexp/-/escape-string-regexp-2.0.0.tgz#a30304e99daa32e23b2fd20f51babd07cffca344"
  integrity sha512-UpzcLCXolUWcNu5HtVMHYdXJjArjsF9C0aNnquZYY4uW/Vu0miy5YoWvbV345HauVvcAUnpRuhMMcqTcGOY2+w==

hoist-non-react-statics@^2.3.1:
  version "2.5.5"
  resolved "https://registry.yarnpkg.com/hoist-non-react-statics/-/hoist-non-react-statics-2.5.5.tgz#c5903cf409c0dfd908f388e619d86b9c1174cb47"
  integrity sha512-rqcy4pJo55FTTLWt+bU8ukscqHeE/e9KWvsOW2b/a3afxQZhwkQdT1rPPCJ0rYXdj4vNcasY8zHTH+jF/qStxw==

invariant@^2.2.4:
  version "2.2.4"
  resolved "https://registry.yarnpkg.com/invariant/-/invariant-2.2.4.tgz#610f3c92c9359ce1db616e538008d23ff35158e6"
  integrity sha512-phJfQVBuaJM5raOpJjSfkiD6BpbCE4Ns//LaXl6wGYtUBY83nWS6Rf9tXm2e8VaK60JEjYldbPif/A2B1C2gNA==
  dependencies:
    loose-envify "^1.0.0"

is-arrayish@^0.3.1:
  version "0.3.2"
  resolved "https://registry.yarnpkg.com/is-arrayish/-/is-arrayish-0.3.2.tgz#4574a2ae56f7ab206896fb431eaeed066fdf8f03"
  integrity sha512-eVRqCvVlZbuw3GrM63ovNSNAeA1K16kaR/LRY/92w0zxQ5/1YzwblUX652i4Xs9RwAGjW9d9y6X88t8OaAJfWQ==

"js-tokens@^3.0.0 || ^4.0.0":
  version "4.0.0"
  resolved "https://registry.yarnpkg.com/js-tokens/-/js-tokens-4.0.0.tgz#19203fb59991df98e3a287050d4647cdeaf32499"
  integrity sha512-RdJUflcE3cUzKiMqQgsCu06FPu9UdIJO0beYbPhHN4k6apgJtifcoCtT9bcxOpYBtpD2kCM6Sbzg4CausW/PKQ==

loose-envify@^1.0.0, loose-envify@^1.4.0:
  version "1.4.0"
  resolved "https://registry.yarnpkg.com/loose-envify/-/loose-envify-1.4.0.tgz#71ee51fa7be4caec1a63839f7e682d8132d30caf"
  integrity sha512-lyuxPGr/Wfhrlem2CL/UcnUc1zcqKAImBDzukY7Y5F/yQiNdko6+fRLevlw1HgMySw7f611UIY408EtxRSoK3Q==
  dependencies:
    js-tokens "^3.0.0 || ^4.0.0"

nanoid@^2.1.0:
  version "2.1.11"
  resolved "https://registry.yarnpkg.com/nanoid/-/nanoid-2.1.11.tgz#ec24b8a758d591561531b4176a01e3ab4f0f0280"
  integrity sha512-s/snB+WGm6uwi0WjsZdaVcuf3KJXlfGl2LcxgwkEwJF0D/BWzVWAZW/XY4bFaiR7s0Jk3FPvlnepg1H1b1UwlA==

object-assign@^4.1.1:
  version "4.1.1"
  resolved "https://registry.yarnpkg.com/object-assign/-/object-assign-4.1.1.tgz#2109adc7965887cfc05cbbd442cac8bfbb360863"
  integrity sha1-IQmtx5ZYh8/AXLvUQsrIv7s2CGM=

prop-types@^15.7.2:
  version "15.7.2"
  resolved "https://registry.yarnpkg.com/prop-types/-/prop-types-15.7.2.tgz#52c41e75b8c87e72b9d9360e0206b99dcbffa6c5"
  integrity sha512-8QQikdH7//R2vurIJSutZ1smHYTcLpRWEOlHnzcWHmBYrOGUysKwSsrC89BCiFj3CbrfJ/nXFdJepOVrY1GCHQ==
  dependencies:
    loose-envify "^1.4.0"
    object-assign "^4.1.1"
    react-is "^16.8.1"

query-string@^6.11.1:
  version "6.11.1"
  resolved "https://registry.yarnpkg.com/query-string/-/query-string-6.11.1.tgz#ab021f275d463ce1b61e88f0ce6988b3e8fe7c2c"
  integrity sha512-1ZvJOUl8ifkkBxu2ByVM/8GijMIPx+cef7u3yroO3Ogm4DOdZcF5dcrWTIlSHe3Pg/mtlt6/eFjObDfJureZZA==
  dependencies:
    decode-uri-component "^0.2.0"
    split-on-first "^1.0.0"
    strict-uri-encode "^2.0.0"

react-is@^16.13.0, react-is@^16.8.1:
  version "16.13.1"
  resolved "https://registry.yarnpkg.com/react-is/-/react-is-16.13.1.tgz#789729a4dc36de2999dc156dd6c1d9c18cea56a4"
  integrity sha512-24e6ynE2H+OKt4kqsOvNd8kBpV65zoxbA4BVsEOB3ARVWQki/DHzaUoC5KuON/BiccDaCCTZBuOcfZs70kR8bQ==

react-native-gesture-handler@^1.6.1:
  version "1.6.1"
  resolved "https://registry.yarnpkg.com/react-native-gesture-handler/-/react-native-gesture-handler-1.6.1.tgz#678e2dce250ed66e93af409759be22cd6375dd17"
  integrity sha512-gQgIKhDiYf754yzhhliagLuLupvGb6ZyBdzYzr7aus3Fyi87TLOw63ers+r4kGw0h26oAWTAdHd34JnF4NeL6Q==
  dependencies:
    "@egjs/hammerjs" "^2.0.17"
    hoist-non-react-statics "^2.3.1"
    invariant "^2.2.4"
    prop-types "^15.7.2"

react-native-iphone-x-helper@^1.2.1:
  version "1.2.1"
  resolved "https://registry.yarnpkg.com/react-native-iphone-x-helper/-/react-native-iphone-x-helper-1.2.1.tgz#645e2ffbbb49e80844bb4cbbe34a126fda1e6772"
  integrity sha512-/VbpIEp8tSNNHIvstuA3Swx610whci1Zpc9mqNkqn14DkMbw+ORviln2u0XyHG1kPvvwTNGZY6QpeFwxYaSdbQ==

react-native-reanimated@^1.7.0:
  version "1.7.0"
  resolved "https://registry.yarnpkg.com/react-native-reanimated/-/react-native-reanimated-1.7.0.tgz#896db2576552ac59d288a1f6c7f00afc171f240c"
  integrity sha512-FQWSqP605eQVJumuK2HpR+7heF0ZI+qfy4jNguv3Xv8nPFHeIgZaRTXHCEQL2AcuSIj50zy8jGJf5l134QMQWQ==

react-native-safe-area-context@^0.7.3:
  version "0.7.3"
  resolved "https://registry.yarnpkg.com/react-native-safe-area-context/-/react-native-safe-area-context-0.7.3.tgz#ad6bd4abbabe195332c53810e4ce5851eb21aa2a"
  integrity sha512-9Uqu1vlXPi+2cKW/CW6OnHxA76mWC4kF3wvlqzq4DY8hn37AeiXtLFs2WkxH4yXQRrnJdP6ivc65Lz+MqwRZAA==

react-native-screens@^2.4.0:
  version "2.4.0"
  resolved "https://registry.yarnpkg.com/react-native-screens/-/react-native-screens-2.4.0.tgz#7706f24d942dee387626014ee4d96094a3d1b9ce"
  integrity sha512-7GcXlaj7IIrM4l5Ub7BPTkNQJ2slHGt2bhmfWmW73NTXEv+7pjHlp+JpQO32Yn+O8UQGPFf0rsesfYUdER7ppQ==
  dependencies:
    debounce "^1.2.0"

shortid@^2.2.15:
  version "2.2.15"
  resolved "https://registry.yarnpkg.com/shortid/-/shortid-2.2.15.tgz#2b902eaa93a69b11120373cd42a1f1fe4437c122"
  integrity sha512-5EaCy2mx2Jgc/Fdn9uuDuNIIfWBpzY4XIlhoqtXF6qsf+/+SGZ+FxDdX/ZsMZiWupIWNqAEmiNY4RC+LSmCeOw==
  dependencies:
    nanoid "^2.1.0"

simple-swizzle@^0.2.2:
  version "0.2.2"
  resolved "https://registry.yarnpkg.com/simple-swizzle/-/simple-swizzle-0.2.2.tgz#a4da6b635ffcccca33f70d17cb92592de95e557a"
  integrity sha1-pNprY1/8zMoz9w0Xy5JZLeleVXo=
  dependencies:
    is-arrayish "^0.3.1"

split-on-first@^1.0.0:
  version "1.1.0"
  resolved "https://registry.yarnpkg.com/split-on-first/-/split-on-first-1.1.0.tgz#f610afeee3b12bce1d0c30425e76398b78249a5f"
  integrity sha512-43ZssAJaMusuKWL8sKUBQXHWOpq8d6CfN/u1p4gUzfJkM05C8rxTmYrkIPTXapZpORA6LkkzcUulJ8FqA7Uudw==

strict-uri-encode@^2.0.0:
  version "2.0.0"
  resolved "https://registry.yarnpkg.com/strict-uri-encode/-/strict-uri-encode-2.0.0.tgz#b9c7330c7042862f6b142dc274bbcc5866ce3546"
  integrity sha1-ucczDHBChi9rFC3CdLvMWGbONUY=

use-subscription@^1.4.0:
  version "1.4.1"
  resolved "https://registry.yarnpkg.com/use-subscription/-/use-subscription-1.4.1.tgz#edcbcc220f1adb2dd4fa0b2f61b6cc308e620069"
  integrity sha512-7+IIwDG/4JICrWHL/Q/ZPK5yozEnvRm6vHImu0LKwQlmWGKeiF7mbAenLlK/cTNXrTtXHU/SFASQHzB6+oSJMQ==
  dependencies:
    object-assign "^4.1.1"
